
Microsoft Visual Studio Solution File, Format Version 12.00
# Visual Studio Version 16
VisualStudioVersion = 16.0.31702.278
MinimumVisualStudioVersion = 10.0.40219.1
Project("{FAE04EC0-301F-11D3-BF4B-00C04F79EFBC}") = "WebApplication3", "WebApplication3\WebApplication3.csproj", "{DC1B3BCF-B613-4DF7-B6FC-611AF0BB8CE7}"
EndProject
Project("{FAE04EC0-301F-11D3-BF4B-00C04F79EFBC}") = "WebApp.Common", "WebApp.Common\WebApp.Common.csproj", "{17C05E19-D1A1-41F3-87FD-35DF3CF018AA}"
EndProject
Global
	GlobalSection(SolutionConfigurationPlatforms) = preSolution
		Debug|Any CPU = Debug|Any CPU
		Release|Any CPU = Release|Any CPU
	EndGlobalSection
	GlobalSection(ProjectConfigurationPlatforms) = postSolution
		{DC1B3BCF-B613-4DF7-B6FC-611AF0BB8CE7}.Debug|Any CPU.ActiveCfg = Debug|Any CPU
		{DC1B3BCF-B613-4DF7-B6FC-611AF0BB8CE7}.Debug|Any CPU.Build.0 = Debug|Any CPU
		{DC1B3BCF-B613-4DF7-B6FC-611AF0BB8CE7}.Release|Any CPU.ActiveCfg = Release|Any CPU
		{DC1B3BCF-B613-4DF7-B6FC-611AF0BB8CE7}.Release|Any CPU.Build.0 = Release|Any CPU
		{17C05E19-D1A1-41F3-87FD-35DF3CF018AA}.Debug|Any CPU.ActiveCfg = Debug|Any CPU
		{17C05E19-D1A1-41F3-87FD-35DF3CF018AA}.Debug|Any CPU.Build.0 = Debug|Any CPU
		{17C05E19-D1A1-41F3-87FD-35DF3CF018AA}.Release|Any CPU.ActiveCfg = Release|Any CPU
		{17C05E19-D1A1-41F3-87FD-35DF3CF018AA}.Release|Any CPU.Build.0 = Release|Any CPU
	EndGlobalSection
	GlobalSection(SolutionProperties) = preSolution
		HideSolutionNode = FALSE
	EndGlobalSection
	GlobalSection(ExtensibilityGlobals) = postSolution
		SolutionGuid = {72445A60-02CB-4CA3-80AE-61409DD97338}
	EndGlobalSection
EndGlobal
